
Microsoft Visual Studio Solution File, Format Version 12.00
# Visual Studio Version 17
VisualStudioVersion = 17.0.31903.59
MinimumVisualStudioVersion = 10.0.40219.1
Project("{9A19103F-16F7-4668-BE54-9A1E7A4F7556}") = "SMSStatusChange", "SMSStatusChange.csproj", "{AAAE2DC0-214E-4310-9A0D-69D11A2BE595}"
EndProject
Global
	GlobalSection(SolutionConfigurationPlatforms) = preSolution
		Debug|Any CPU = Debug|Any CPU
		Release|Any CPU = Release|Any CPU
	EndGlobalSection
	GlobalSection(ProjectConfigurationPlatforms) = postSolution
		{AAAE2DC0-214E-4310-9A0D-69D11A2BE595}.Debug|Any CPU.ActiveCfg = Debug|Any CPU
		{AAAE2DC0-214E-4310-9A0D-69D11A2BE595}.Debug|Any CPU.Build.0 = Debug|Any CPU
		{AAAE2DC0-214E-4310-9A0D-69D11A2BE595}.Release|Any CPU.ActiveCfg = Release|Any CPU
		{AAAE2DC0-214E-4310-9A0D-69D11A2BE595}.Release|Any CPU.Build.0 = Release|Any CPU
	EndGlobalSection
	GlobalSection(SolutionProperties) = preSolution
		HideSolutionNode = FALSE
	EndGlobalSection
	GlobalSection(ExtensibilityGlobals) = postSolution
		SolutionGuid = {4505E3CE-D9C6-4DF5-B81B-986F41EF1BEE}
	EndGlobalSection
EndGlobal
